
Microsoft Visual Studio Solution File, Format Version 12.00
# Visual Studio Version 17
VisualStudioVersion = 17.7.34031.279
MinimumVisualStudioVersion = 10.0.40219.1
Project("{FAE04EC0-301F-11D3-BF4B-00C04F79EFBC}") = "BulkyWeb", "BulkyWeb\BulkyWeb.csproj", "{BFF40997-85FB-46F4-8DCE-2DD97EF6B0AD}"
EndProject
Global
	GlobalSection(SolutionConfigurationPlatforms) = preSolution
		Debug|Any CPU = Debug|Any CPU
		Release|Any CPU = Release|Any CPU
	EndGlobalSection
	GlobalSection(ProjectConfigurationPlatforms) = postSolution
		{BFF40997-85FB-46F4-8DCE-2DD97EF6B0AD}.Debug|Any CPU.ActiveCfg = Debug|Any CPU
		{BFF40997-85FB-46F4-8DCE-2DD97EF6B0AD}.Debug|Any CPU.Build.0 = Debug|Any CPU
		{BFF40997-85FB-46F4-8DCE-2DD97EF6B0AD}.Release|Any CPU.ActiveCfg = Release|Any CPU
		{BFF40997-85FB-46F4-8DCE-2DD97EF6B0AD}.Release|Any CPU.Build.0 = Release|Any CPU
	EndGlobalSection
	GlobalSection(SolutionProperties) = preSolution
		HideSolutionNode = FALSE
	EndGlobalSection
	GlobalSection(ExtensibilityGlobals) = postSolution
		SolutionGuid = {4BA24D47-2C7F-492F-951D-600C9F3C3157}
	EndGlobalSection
EndGlobal
